
Microsoft Visual Studio Solution File, Format Version 12.00
# Visual Studio 15
VisualStudioVersion = 15.0.28307.1231
MinimumVisualStudioVersion = 10.0.40219.1
Project("{FAE04EC0-301F-11D3-BF4B-00C04F79EFBC}") = "AppForum", "AppForum\AppForum.csproj", "{A05CDBEC-5227-494F-B7FA-991EE5EDE85A}"
EndProject
Global
	GlobalSection(SolutionConfigurationPlatforms) = preSolution
		Debug|Any CPU = Debug|Any CPU
		Release|Any CPU = Release|Any CPU
	EndGlobalSection
	GlobalSection(ProjectConfigurationPlatforms) = postSolution
		{A05CDBEC-5227-494F-B7FA-991EE5EDE85A}.Debug|Any CPU.ActiveCfg = Debug|Any CPU
		{A05CDBEC-5227-494F-B7FA-991EE5EDE85A}.Debug|Any CPU.Build.0 = Debug|Any CPU
		{A05CDBEC-5227-494F-B7FA-991EE5EDE85A}.Release|Any CPU.ActiveCfg = Release|Any CPU
		{A05CDBEC-5227-494F-B7FA-991EE5EDE85A}.Release|Any CPU.Build.0 = Release|Any CPU
	EndGlobalSection
	GlobalSection(SolutionProperties) = preSolution
		HideSolutionNode = FALSE
	EndGlobalSection
	GlobalSection(ExtensibilityGlobals) = postSolution
		SolutionGuid = {A6744BBC-7E84-411A-8455-91FD0BC8215D}
	EndGlobalSection
EndGlobal
